
Microsoft Visual Studio Solution File, Format Version 12.00
# Visual Studio Version 17
VisualStudioVersion = 17.3.32929.385
MinimumVisualStudioVersion = 10.0.40219.1
Project("{FAE04EC0-301F-11D3-BF4B-00C04F79EFBC}") = "Grocery_Store", "Grocery_Store\Grocery_Store.csproj", "{4444D582-623C-45DF-BFD8-0F368E899CB4}"
EndProject
Global
	GlobalSection(SolutionConfigurationPlatforms) = preSolution
		Debug|Any CPU = Debug|Any CPU
		Release|Any CPU = Release|Any CPU
	EndGlobalSection
	GlobalSection(ProjectConfigurationPlatforms) = postSolution
		{4444D582-623C-45DF-BFD8-0F368E899CB4}.Debug|Any CPU.ActiveCfg = Debug|Any CPU
		{4444D582-623C-45DF-BFD8-0F368E899CB4}.Debug|Any CPU.Build.0 = Debug|Any CPU
		{4444D582-623C-45DF-BFD8-0F368E899CB4}.Release|Any CPU.ActiveCfg = Release|Any CPU
		{4444D582-623C-45DF-BFD8-0F368E899CB4}.Release|Any CPU.Build.0 = Release|Any CPU
	EndGlobalSection
	GlobalSection(SolutionProperties) = preSolution
		HideSolutionNode = FALSE
	EndGlobalSection
	GlobalSection(ExtensibilityGlobals) = postSolution
		SolutionGuid = {9E532B7F-9D3C-4685-AA25-B03F1DFA350E}
	EndGlobalSection
EndGlobal
